
Microsoft Visual Studio Solution File, Format Version 12.00
# Visual Studio Version 16
VisualStudioVersion = 16.0.31911.196
MinimumVisualStudioVersion = 10.0.40219.1
Project("{FAE04EC0-301F-11D3-BF4B-00C04F79EFBC}") = "pADD", "pADD.csproj", "{D5C3ACDA-299E-4072-A1BF-BFC16B0BE57C}"
EndProject
Global
	GlobalSection(SolutionConfigurationPlatforms) = preSolution
		Debug|Any CPU = Debug|Any CPU
		Release|Any CPU = Release|Any CPU
	EndGlobalSection
	GlobalSection(ProjectConfigurationPlatforms) = postSolution
		{D5C3ACDA-299E-4072-A1BF-BFC16B0BE57C}.Debug|Any CPU.ActiveCfg = Debug|Any CPU
		{D5C3ACDA-299E-4072-A1BF-BFC16B0BE57C}.Debug|Any CPU.Build.0 = Debug|Any CPU
		{D5C3ACDA-299E-4072-A1BF-BFC16B0BE57C}.Release|Any CPU.ActiveCfg = Release|Any CPU
		{D5C3ACDA-299E-4072-A1BF-BFC16B0BE57C}.Release|Any CPU.Build.0 = Release|Any CPU
	EndGlobalSection
	GlobalSection(SolutionProperties) = preSolution
		HideSolutionNode = FALSE
	EndGlobalSection
	GlobalSection(ExtensibilityGlobals) = postSolution
		SolutionGuid = {F7C80609-5387-4920-80A2-DDE1F9D42BBF}
	EndGlobalSection
EndGlobal
